
Microsoft Visual Studio Solution File, Format Version 12.00
# Visual Studio Version 16
VisualStudioVersion = 16.0.30320.27
MinimumVisualStudioVersion = 10.0.40219.1
Project("{FAE04EC0-301F-11D3-BF4B-00C04F79EFBC}") = "BlazorAppWASM2.Server", "BlazorAppWASM2\Server\BlazorAppWASM2.Server.csproj", "{A661F009-70C2-4E15-8E8B-388A6C618665}"
EndProject
Project("{FAE04EC0-301F-11D3-BF4B-00C04F79EFBC}") = "BlazorAppWASM2.Client", "BlazorAppWASM2\Client\BlazorAppWASM2.Client.csproj", "{57C11B47-2CE1-43FC-93D4-2FFA3BECE16B}"
EndProject
Project("{FAE04EC0-301F-11D3-BF4B-00C04F79EFBC}") = "BlazorAppWASM2.Shared", "BlazorAppWASM2\Shared\BlazorAppWASM2.Shared.csproj", "{0D700FBA-FD70-4492-811E-DDC952178E39}"
EndProject
Global
	GlobalSection(SolutionConfigurationPlatforms) = preSolution
		Debug|Any CPU = Debug|Any CPU
		Release|Any CPU = Release|Any CPU
	EndGlobalSection
	GlobalSection(ProjectConfigurationPlatforms) = postSolution
		{A661F009-70C2-4E15-8E8B-388A6C618665}.Debug|Any CPU.ActiveCfg = Debug|Any CPU
		{A661F009-70C2-4E15-8E8B-388A6C618665}.Debug|Any CPU.Build.0 = Debug|Any CPU
		{A661F009-70C2-4E15-8E8B-388A6C618665}.Release|Any CPU.ActiveCfg = Release|Any CPU
		{A661F009-70C2-4E15-8E8B-388A6C618665}.Release|Any CPU.Build.0 = Release|Any CPU
		{57C11B47-2CE1-43FC-93D4-2FFA3BECE16B}.Debug|Any CPU.ActiveCfg = Debug|Any CPU
		{57C11B47-2CE1-43FC-93D4-2FFA3BECE16B}.Debug|Any CPU.Build.0 = Debug|Any CPU
		{57C11B47-2CE1-43FC-93D4-2FFA3BECE16B}.Release|Any CPU.ActiveCfg = Release|Any CPU
		{57C11B47-2CE1-43FC-93D4-2FFA3BECE16B}.Release|Any CPU.Build.0 = Release|Any CPU
		{0D700FBA-FD70-4492-811E-DDC952178E39}.Debug|Any CPU.ActiveCfg = Debug|Any CPU
		{0D700FBA-FD70-4492-811E-DDC952178E39}.Debug|Any CPU.Build.0 = Debug|Any CPU
		{0D700FBA-FD70-4492-811E-DDC952178E39}.Release|Any CPU.ActiveCfg = Release|Any CPU
		{0D700FBA-FD70-4492-811E-DDC952178E39}.Release|Any CPU.Build.0 = Release|Any CPU
	EndGlobalSection
	GlobalSection(SolutionProperties) = preSolution
		HideSolutionNode = FALSE
	EndGlobalSection
	GlobalSection(ExtensibilityGlobals) = postSolution
		SolutionGuid = {6A4DF50A-4099-4509-AAA1-DBF274C3A361}
	EndGlobalSection
EndGlobal
